
Microsoft Visual Studio Solution File, Format Version 12.00
# Visual Studio Version 17
VisualStudioVersion = 17.11.35327.3
MinimumVisualStudioVersion = 10.0.40219.1
Project("{FAE04EC0-301F-11D3-BF4B-00C04F79EFBC}") = "HumanResourceApp", "HumanResourceApp.csproj", "{D76B173A-689E-4F7D-95A3-322448196E57}"
EndProject
Project("{FAE04EC0-301F-11D3-BF4B-00C04F79EFBC}") = "HumanResource.DAL", "..\HumanResource.DAL\HumanResource.DAL.csproj", "{566D5663-2626-4788-A41E-8E7B4A36F8F0}"
EndProject
Global
	GlobalSection(SolutionConfigurationPlatforms) = preSolution
		Debug|Any CPU = Debug|Any CPU
		Release|Any CPU = Release|Any CPU
	EndGlobalSection
	GlobalSection(ProjectConfigurationPlatforms) = postSolution
		{D76B173A-689E-4F7D-95A3-322448196E57}.Debug|Any CPU.ActiveCfg = Debug|Any CPU
		{D76B173A-689E-4F7D-95A3-322448196E57}.Debug|Any CPU.Build.0 = Debug|Any CPU
		{D76B173A-689E-4F7D-95A3-322448196E57}.Release|Any CPU.ActiveCfg = Release|Any CPU
		{D76B173A-689E-4F7D-95A3-322448196E57}.Release|Any CPU.Build.0 = Release|Any CPU
		{566D5663-2626-4788-A41E-8E7B4A36F8F0}.Debug|Any CPU.ActiveCfg = Debug|Any CPU
		{566D5663-2626-4788-A41E-8E7B4A36F8F0}.Debug|Any CPU.Build.0 = Debug|Any CPU
		{566D5663-2626-4788-A41E-8E7B4A36F8F0}.Release|Any CPU.ActiveCfg = Release|Any CPU
		{566D5663-2626-4788-A41E-8E7B4A36F8F0}.Release|Any CPU.Build.0 = Release|Any CPU
	EndGlobalSection
	GlobalSection(SolutionProperties) = preSolution
		HideSolutionNode = FALSE
	EndGlobalSection
	GlobalSection(ExtensibilityGlobals) = postSolution
		SolutionGuid = {D2930A26-50BB-4411-81C7-27079C57D0DC}
	EndGlobalSection
EndGlobal
